
Microsoft Visual Studio Solution File, Format Version 12.00
# Visual Studio Version 16
VisualStudioVersion = 25.0.1700.0
MinimumVisualStudioVersion = 10.0.40219.1
Project("{FAE04EC0-301F-11D3-BF4B-00C04F79EFBC}") = "Calc_Project", "Calc_Project\Calc_Project.csproj", "{4A531914-7614-4F0C-8085-2F45F4B6F1B5}"
EndProject
Global
	GlobalSection(SolutionConfigurationPlatforms) = preSolution
		Debug|Any CPU = Debug|Any CPU
		Release|Any CPU = Release|Any CPU
	EndGlobalSection
	GlobalSection(ProjectConfigurationPlatforms) = postSolution
		{4A531914-7614-4F0C-8085-2F45F4B6F1B5}.Debug|Any CPU.ActiveCfg = Debug|Any CPU
		{4A531914-7614-4F0C-8085-2F45F4B6F1B5}.Debug|Any CPU.Build.0 = Debug|Any CPU
		{4A531914-7614-4F0C-8085-2F45F4B6F1B5}.Release|Any CPU.ActiveCfg = Release|Any CPU
		{4A531914-7614-4F0C-8085-2F45F4B6F1B5}.Release|Any CPU.Build.0 = Release|Any CPU
	EndGlobalSection
	GlobalSection(SolutionProperties) = preSolution
		HideSolutionNode = FALSE
	EndGlobalSection
	GlobalSection(ExtensibilityGlobals) = postSolution
		SolutionGuid = {19499B16-4148-4D3E-96B7-22A86D35DA9A}
	EndGlobalSection
EndGlobal
